
Microsoft Visual Studio Solution File, Format Version 12.00
# Visual Studio Version 17
VisualStudioVersion = 17.1.32210.238
MinimumVisualStudioVersion = 10.0.40219.1
Project("{8BC9CEB8-8B4A-11D0-8D11-00A0C91BC942}") = "Lab_12_oop_6.4", "Lab_12_oop_6.4\Lab_12_oop_6.4.vcxproj", "{B1C725F8-54D3-4309-BE7E-16F49B79E5B1}"
EndProject
Project("{8BC9CEB8-8B4A-11D0-8D11-00A0C91BC942}") = "UnitTest", "UnitTest\UnitTest.vcxproj", "{FD229D17-F15D-4CCF-BEA3-A26836A0454D}"
EndProject
Global
	GlobalSection(SolutionConfigurationPlatforms) = preSolution
		Debug|x64 = Debug|x64
		Debug|x86 = Debug|x86
		Release|x64 = Release|x64
		Release|x86 = Release|x86
	EndGlobalSection
	GlobalSection(ProjectConfigurationPlatforms) = postSolution
		{B1C725F8-54D3-4309-BE7E-16F49B79E5B1}.Debug|x64.ActiveCfg = Debug|x64
		{B1C725F8-54D3-4309-BE7E-16F49B79E5B1}.Debug|x64.Build.0 = Debug|x64
		{B1C725F8-54D3-4309-BE7E-16F49B79E5B1}.Debug|x86.ActiveCfg = Debug|Win32
		{B1C725F8-54D3-4309-BE7E-16F49B79E5B1}.Debug|x86.Build.0 = Debug|Win32
		{B1C725F8-54D3-4309-BE7E-16F49B79E5B1}.Release|x64.ActiveCfg = Release|x64
		{B1C725F8-54D3-4309-BE7E-16F49B79E5B1}.Release|x64.Build.0 = Release|x64
		{B1C725F8-54D3-4309-BE7E-16F49B79E5B1}.Release|x86.ActiveCfg = Release|Win32
		{B1C725F8-54D3-4309-BE7E-16F49B79E5B1}.Release|x86.Build.0 = Release|Win32
		{FD229D17-F15D-4CCF-BEA3-A26836A0454D}.Debug|x64.ActiveCfg = Debug|x64
		{FD229D17-F15D-4CCF-BEA3-A26836A0454D}.Debug|x64.Build.0 = Debug|x64
		{FD229D17-F15D-4CCF-BEA3-A26836A0454D}.Debug|x86.ActiveCfg = Debug|Win32
		{FD229D17-F15D-4CCF-BEA3-A26836A0454D}.Debug|x86.Build.0 = Debug|Win32
		{FD229D17-F15D-4CCF-BEA3-A26836A0454D}.Release|x64.ActiveCfg = Release|x64
		{FD229D17-F15D-4CCF-BEA3-A26836A0454D}.Release|x64.Build.0 = Release|x64
		{FD229D17-F15D-4CCF-BEA3-A26836A0454D}.Release|x86.ActiveCfg = Release|Win32
		{FD229D17-F15D-4CCF-BEA3-A26836A0454D}.Release|x86.Build.0 = Release|Win32
	EndGlobalSection
	GlobalSection(SolutionProperties) = preSolution
		HideSolutionNode = FALSE
	EndGlobalSection
	GlobalSection(ExtensibilityGlobals) = postSolution
		SolutionGuid = {45661B64-8673-4022-B65A-3FB306080D51}
	EndGlobalSection
EndGlobal
